Microsoft Visual Studio Solution File, Format Version 12.00
# Visual Studio Version 17
VisualStudioVersion = 17.5.2.0
MinimumVisualStudioVersion = 10.0.40219.1
Project("{FAE04EC0-301F-11D3-BF4B-00C04F79EFBC}") = "APiGamer", "APiGamer.csproj", "{7047B20C-3F0B-70BB-519F-0F8069E68006}"
EndProject
Global
	GlobalSection(SolutionConfigurationPlatforms) = preSolution
		Debug|Any CPU = Debug|Any CPU
		Release|Any CPU = Release|Any CPU
	EndGlobalSection
	GlobalSection(ProjectConfigurationPlatforms) = postSolution
		{7047B20C-3F0B-70BB-519F-0F8069E68006}.Debug|Any CPU.ActiveCfg = Debug|Any CPU
		{7047B20C-3F0B-70BB-519F-0F8069E68006}.Debug|Any CPU.Build.0 = Debug|Any CPU
		{7047B20C-3F0B-70BB-519F-0F8069E68006}.Release|Any CPU.ActiveCfg = Release|Any CPU
		{7047B20C-3F0B-70BB-519F-0F8069E68006}.Release|Any CPU.Build.0 = Release|Any CPU
	EndGlobalSection
	GlobalSection(SolutionProperties) = preSolution
		HideSolutionNode = FALSE
	EndGlobalSection
	GlobalSection(ExtensibilityGlobals) = postSolution
		SolutionGuid = {C1C8F342-51F1-4D3C-BFC7-FE7FA6D2EB16}
	EndGlobalSection
EndGlobal
